# This file is autogenerated, do not edit; changes may be undone by the next 'dep ensure'.


[[projects]]
  digest = "1:5d72bbcc9c8667b11c3dc3cbe681c5a6f71e5096744c0bf7726ab5c6425d5dc4"
  name = "github.com/BurntSushi/toml"
  packages = ["."]
  pruneopts = "NUT"
  revision = "3012a1dbe2e4bd1391d42b32f0577cb7bbc7f005"
  version = "v0.3.1"

[[projects]]
  digest = "1:dc9a4d45d78cfb93260316db90bd0647ad20c1af5ce7ccd1bbc4fa417cb40ea7"
  name = "github.com/InVisionApp/go-health"
  packages = [
    ".",
    "checkers",
  ]
  pruneopts = "NUT"
  revision = "b5cab38233bb8b58b1153b1677631105770f2d2b"
  version = "v2.1.1"

[[projects]]
  digest = "1:38e80fb6f25ad94a601b2e7bc7718517ada1eded101fb0577bc9e214e5d7ea33"
  name = "github.com/InVisionApp/go-logger"
  packages = ["."]
  pruneopts = "NUT"
  revision = "c377c6c3f6a48a6366517e86f77bafea18454ff1"
  version = "v1.0.1"

[[projects]]
  digest = "1:25870183293a3fb61cc9afd060a61d63a486f091db72af01a8ea3449f5ca530d"
  name = "github.com/Masterminds/goutils"
  packages = ["."]
  pruneopts = "NUT"
  revision = "41ac8693c5c10a92ea1ff5ac3a7f95646f6123b0"
  version = "v1.1.0"

[[projects]]
  digest = "1:0579669610e7b4268094959686738fce4833e8274793f09df8fe5ab2ff2f5efd"
  name = "github.com/Masterminds/semver"
  packages = ["."]
  pruneopts = "NUT"
  revision = "fe7c21038085e01e67044ec1efe3afb1eaa59f75"
  version = "v3.0.1"

[[projects]]
  digest = "1:f202f2a6fc5ae701d4e4ffb736863a61722dd3420bbf812b3a643e6fab576ef3"
  name = "github.com/Masterminds/sprig"
  packages = ["."]
  pruneopts = "NUT"
  revision = "2691a9cba2adee8d9a60100a1bc49e770f97b7db"
  version = "v2.21.0"

[[projects]]
  digest = "1:4816836c291b7f2a0da7deefa679ef234be8ad845a199ed2e48779234536cefa"
  name = "github.com/Microsoft/go-winio"
  packages = [
    ".",
    "pkg/guid",
  ]
  pruneopts = "NUT"
  revision = "6c72808b55902eae4c5943626030429ff20f3b63"
  version = "v0.4.14"

[[projects]]
  branch = "go15"
  digest = "1:8dab0033e231d02909f00a501a1f1ac01e63fd267dcb374a5de71b99ba1ee74f"
  name = "github.com/ajeddeloh/go-json"
  packages = ["."]
  pruneopts = "NUT"
  revision = "6a2fe990e08303c82d966297ddb29a58678a4783"

[[projects]]
  digest = "1:dfc48e1a293a468126069586733806f62cbf485d87780881ea9106cdb68d38bb"
  name = "github.com/ajeddeloh/yaml"
  packages = ["."]
  pruneopts = "NUT"
  revision = "6b94386aeefd8c4b8470aee72bfca084c2f91da9"

[[projects]]
  branch = "master"
  digest = "1:278f733beeec2d654fc7412dbfa2dff194245e13c720bef8d4e284e0e25708f5"
  name = "github.com/alecthomas/units"
  packages = ["."]
  pruneopts = "NUT"
  revision = "f65c72e2690dc4b403c8bd637baf4611cd4c069b"

[[projects]]
  digest = "1:aef9339f69dda1ca77fdb2fd83cf64c3f5087c1f00f69719eaa14679f5321512"
  name = "github.com/apparentlymart/go-cidr"
  packages = ["cidr"]
  pruneopts = "NUT"
  revision = "c0fb5fbe0acb592411e2db59add389a43260ad44"
  version = "v1.0.1"

[[projects]]
  digest = "1:563d5933a25ebbd7e938e04d633bad92ae8f58cb88d70b55c3918857328376c6"
  name = "github.com/ashcrow/osrelease"
  packages = ["."]
  pruneopts = "NUT"
  revision = "9b292693c55c791c79825cdce5b7e0b3b6da6e88"
  version = "v1"

[[projects]]
  branch = "master"
  digest = "1:55a58b6d7617864114d7439224561616613bdbed48ce4fbd57f7706509568b71"
  name = "github.com/containerd/cgroups"
  packages = [
    ".",
    "stats/v1",
  ]
  pruneopts = "NUT"
  revision = "abd0b19954a6b05e0963f48427062d1481b7faad"

[[projects]]
  digest = "1:8623e8a7b178225ea3b3ab445ef03c62bcc477c88cc8f04b2ea35d3f3c010b06"
  name = "github.com/containers/image"
  packages = [
    "docker/reference",
    "manifest",
    "pkg/strslice",
    "pkg/sysregistriesv2",
    "signature",
    "transports",
    "types",
    "version",
  ]
  pruneopts = "NUT"
  revision = "35f569df3607ab29b87dd5e19f7901c3ce7cf511"
  version = "v2.0.1"

[[projects]]
  digest = "1:be9b61a3c1c5422cc1024c407c4f4a3af64cdafc7800a12c8ddfafe15899c211"
  name = "github.com/containers/storage"
  packages = [
    "pkg/config",
    "pkg/fileutils",
    "pkg/homedir",
    "pkg/idtools",
    "pkg/mount",
    "pkg/system",
  ]
  pruneopts = "NUT"
  revision = "0b67c788f2d234c9fecc3d372d93160869381166"

[[projects]]
  digest = "1:beedaa1ce9cb1ddb4dc511a68d9d128773e6ada0a1bd8b9bc4b7d7026617b535"
  name = "github.com/coreos/container-linux-config-transpiler"
  packages = [
    "config",
    "config/astyaml",
    "config/platform",
    "config/templating",
    "config/types",
    "config/types/util",
    "internal/util",
  ]
  pruneopts = "NUT"
  revision = "e2f6c9440215117e896cd70a0d489dc070080d37"
  version = "v0.9.0"

[[projects]]
  digest = "1:05ffeeed3f0f05520de0679f6aa3219ffee69cfd6d9fb6c194879d4c818ad670"
  name = "github.com/coreos/go-semver"
  packages = ["semver"]
  pruneopts = "NUT"
  revision = "e214231b295a8ea9479f11b70b35d5acf3556d9b"
  version = "v0.3.0"

[[projects]]
  digest = "1:04196ed1a266db0e95800a19ee83f850e0d553631661ad30abc87c152d994d9f"
  name = "github.com/coreos/go-systemd"
  packages = [
    "dbus",
    "unit",
  ]
  pruneopts = "NUT"
  revision = "e64a0ec8b42a61e2a9801dc1d0abe539dea79197"
  version = "v20"

[[projects]]
  digest = "1:fb5b2aed0d774e210c1f2c0893e620cb3fa98957d3b925d0378f93b9613eb605"
  name = "github.com/coreos/ignition"
  packages = [
    "config/shared/errors",
    "config/shared/validations",
    "config/util",
    "config/v1",
    "config/v1/types",
    "config/v2_0",
    "config/v2_0/types",
    "config/v2_1",
    "config/v2_1/types",
    "config/v2_2",
    "config/v2_2/types",
    "config/v2_3_experimental/types",
    "config/validate",
    "config/validate/astjson",
    "config/validate/astnode",
    "config/validate/report",
  ]
  pruneopts = "NUT"
  revision = "76107251acd117c6d3e5b4dae2b47f82f944984b"
  version = "v0.26.0"

[[projects]]
  digest = "1:ffe9824d294da03b391f44e1ae8281281b4afc1bdaa9588c9097785e3af10cec"
  name = "github.com/davecgh/go-spew"
  packages = ["spew"]
  pruneopts = "NUT"
  revision = "8991bc29aa16c548c550c7ff78260e27b9ab7c73"
  version = "v1.1.1"

[[projects]]
  branch = "master"
  digest = "1:b776c622b6fa1ee210c9a4237c559c8af761546626d9f74821cdfee1542e48c3"
  name = "github.com/docker/docker"
  packages = [
    "api/types/versions",
    "pkg/signal",
  ]
  pruneopts = "NUT"
  revision = "9adc7bb379a1c310b167c1c60e74b63713d381a9"

[[projects]]
  digest = "1:97176fe8a268479a527d08df458c269dc27abf59c1643807d4e36398cbd9ef2d"
  name = "github.com/docker/go-units"
  packages = ["."]
  pruneopts = "NUT"
  revision = "519db1ee28dcc9fd2474ae59fca29a810482bfb1"
  version = "v0.4.0"

[[projects]]
  branch = "master"
  digest = "1:ce43438a8204a4259b4461153a392bc3e504bef7e4785a8192344f002c7bd935"
  name = "github.com/docker/libtrust"
  packages = ["."]
  pruneopts = "NUT"
  revision = "aabc10ec26b754e797f9028f4589c5b7bd90dc20"

[[projects]]
  digest = "1:4304cca260ab815326ca42d9c28fb843342748267034c51963e13f5e54e727d1"
  name = "github.com/evanphx/json-patch"
  packages = ["."]
  pruneopts = "NUT"
  revision = "026c730a0dcc5d11f93f1cf1cc65b01247ea7b6f"
  version = "v4.5.0"

[[projects]]
  digest = "1:81466b4218bf6adddac2572a30ac733a9255919bc2f470b4827a317bd4ee1756"
  name = "github.com/ghodss/yaml"
  packages = ["."]
  pruneopts = "NUT"
  revision = "0ca9ea5df5451ffdf184b4428c902747c2c11cd7"
  version = "v1.0.0"

[[projects]]
  digest = "1:8d24ffb57bd977a9c44a7b0edae0fb80f2ccd2882f77364efdd8c84b8c86ef38"
  name = "github.com/go-log/log"
  packages = ["."]
  pruneopts = "NUT"
  revision = "37e2e1f19306361e1fc152a1839f1236149cb4e4"
  version = "v0.1.0"

[[projects]]
  digest = "1:b5f03ef25eef29acb2392f47ba8472316915cdeb84e33caf075269f2fdaae9bd"
  name = "github.com/godbus/dbus"
  packages = ["."]
  pruneopts = "NUT"
  revision = "735b987ea3fc98b200348de1656e97f656ed4873"
  version = "v5.0.2"

[[projects]]
  digest = "1:cba177b91e20ac24abe7fb21265f28aa1d2606d7a56c1726a5f53cb0abcb154c"
  name = "github.com/gogo/protobuf"
  packages = [
    "gogoproto",
    "proto",
    "protoc-gen-gogo/descriptor",
    "sortkeys",
  ]
  pruneopts = "NUT"
  revision = "0ca988a254f991240804bf9821f3450d87ccbb1b"
  version = "v1.3.0"

[[projects]]
  digest = "1:78b8040ece2ff622580def2708b9eb0b2857711b6744c475439bf337e9c677ea"
  name = "github.com/golang/glog"
  packages = ["."]
  pruneopts = "NUT"
  revision = "44145f04b68cf362d9c4df2182967c2275eaefed"

[[projects]]
  branch = "master"
  digest = "1:b7cb6054d3dff43b38ad2e92492f220f57ae6087ee797dca298139776749ace8"
  name = "github.com/golang/groupcache"
  packages = ["lru"]
  pruneopts = "NUT"
  revision = "869f871628b6baa9cfbc11732cdf6546b17c1298"

[[projects]]
  digest = "1:796f9c63c68774a89eade387a8476e45ec2b34f5649b0726983204202c3649d6"
  name = "github.com/golang/protobuf"
  packages = [
    "proto",
    "ptypes",
    "ptypes/any",
    "ptypes/duration",
    "ptypes/timestamp",
  ]
  pruneopts = "NUT"
  revision = "6c65a5562fc06764971b7c5d05c76c75e84bdbf7"
  version = "v1.3.2"

[[projects]]
  digest = "1:52c5834e2bebac9030c97cc0798ac11c3aa8a39f098aeb419f142533da6cd3cc"
  name = "github.com/google/gofuzz"
  packages = ["."]
  pruneopts = "NUT"
  revision = "f140a6486e521aad38f5917de355cbf147cc0496"
  version = "v1.0.0"

[[projects]]
  digest = "1:dcb52a1496f6b1ceeb0c123c0a557bc04bd8f17071f45bc5492aa88ec2638401"
  name = "github.com/google/renameio"
  packages = ["."]
  pruneopts = "NUT"
  revision = "f0e32980c006571efd537032e5f9cd8c1a92819e"
  version = "v0.1.0"

[[projects]]
  digest = "1:ab3ec1fe3e39bac4b3ab63390767766622be35b7cab03f47f787f9ec60522a53"
  name = "github.com/google/uuid"
  packages = ["."]
  pruneopts = "NUT"
  revision = "0cd6bf5da1e1c83f8b45653022c74f71af0538a4"
  version = "v1.1.1"

[[projects]]
  digest = "1:5e092394bed250d7fda36cef8b7e1d22bb2d5f71878bbb137be5fc1c2705f965"
  name = "github.com/googleapis/gnostic"
  packages = [
    "OpenAPIv2",
    "compiler",
    "extensions",
  ]
  pruneopts = "NUT"
  revision = "ab0dd09aa10e2952b28e12ecd35681b20463ebab"
  version = "v0.3.1"

[[projects]]
  digest = "1:ed860d2b2c1d066d36a89c982eefc7d019badd534f60e87ab65d3d94f0797ef0"
  name = "github.com/hashicorp/golang-lru"
  packages = [
    ".",
    "simplelru",
  ]
  pruneopts = "NUT"
  revision = "7f827b33c0f158ec5dfbba01bb0b14a4541fd81d"
  version = "v0.5.3"

[[projects]]
  digest = "1:dc54242755f5b6721dd880843de6e45fe234838ea9149ec8249951880fd5802f"
  name = "github.com/huandu/xstrings"
  packages = ["."]
  pruneopts = "NUT"
  revision = "f02667b379e2fb5916c3cda2cf31e0eb885d79f8"
  version = "v1.2.0"

[[projects]]
  digest = "1:aaa38889f11896ee3644d77e17dc7764cc47f5f3d3b488268df2af2b52541c5f"
  name = "github.com/imdario/mergo"
  packages = ["."]
  pruneopts = "NUT"
  revision = "7c29201646fa3de8506f701213473dd407f19646"
  version = "v0.3.7"

[[projects]]
  digest = "1:406338ad39ab2e37b7f4452906442a3dbf0eb3379dd1f06aafb5c07e769a5fbb"
  name = "github.com/inconshreveable/mousetrap"
  packages = ["."]
  pruneopts = "NUT"
  revision = "76626ae9c91c4f2a10f34cad8ce83ea42c93bb75"
  version = "v1.0"

[[projects]]
  digest = "1:da62aa6632d04e080b8a8b85a59ed9ed1550842a0099a55f3ae3a20d02a3745a"
  name = "github.com/joho/godotenv"
  packages = ["."]
  pruneopts = "NUT"
  revision = "23d116af351c84513e1946b527c88823e476be13"
  version = "v1.3.0"

[[projects]]
  digest = "1:e716a02584d94519e2ccf7ac461c4028da736d41a58c1ed95e641c1603bdb056"
  name = "github.com/json-iterator/go"
  packages = ["."]
  pruneopts = ""
  revision = "27518f6661eba504be5a7a9a9f6d9460d892ade3"
  version = "v1.1.7"

[[projects]]
  digest = "1:58999a98719fddbac6303cb17e8d85b945f60b72f48e3a2df6b950b97fa926f1"
  name = "github.com/konsorten/go-windows-terminal-sequences"
  packages = ["."]
  pruneopts = "NUT"
  revision = "f55edac94c9bbba5d6182a4be46d86a2c9b5b50e"
  version = "v1.0.2"

[[projects]]
  digest = "1:89138c9e8ebdbe395deec41071048f10a6fc96ff19afe7e27c8691464412abf1"
  name = "github.com/kubernetes-sigs/cri-o"
  packages = [
    "oci",
    "pkg/config",
    "pkg/findprocess",
    "utils",
  ]
  pruneopts = "NUT"
  revision = "2c94bb71ba7e7868b7abb86b1f05543df1671916"
  version = "v1.12.10"

[[projects]]
  digest = "1:2f42fa12d6911c7b7659738758631bec870b7e9b4c6be5444f963cdcfccc191f"
  name = "github.com/modern-go/concurrent"
  packages = ["."]
  pruneopts = "NUT"
  revision = "bacd9c7ef1dd9b15be4a9909b8ac7a4e313eec94"
  version = "1.0.3"

[[projects]]
  digest = "1:c6aca19413b13dc59c220ad7430329e2ec454cc310bc6d8de2c7e2b93c18a0f6"
  name = "github.com/modern-go/reflect2"
  packages = ["."]
  pruneopts = "NUT"
  revision = "4b7aa43c6742a2c18fdef89dd197aaae7dac7ccd"
  version = "1.0.1"

[[projects]]
  branch = "master"
  digest = "1:88a19b9585da51239884c1e556bfc9989dbd4361221a4a20497dedff9fce55c3"
  name = "github.com/mtrmac/gpgme"
  packages = ["."]
  pruneopts = "NUT"
  revision = "b2432428689ca58c2b8e8dea9449d3295cf96fc9"

[[projects]]
  digest = "1:e0cc8395ea893c898ff5eb0850f4d9851c1f57c78c232304a026379a47a552d0"
  name = "github.com/opencontainers/go-digest"
  packages = ["."]
  pruneopts = "NUT"
  revision = "279bed98673dd5bef374d3b6e4b09e2af76183bf"
  version = "v1.0.0-rc1"

[[projects]]
  digest = "1:11db38d694c130c800d0aefb502fb02519e514dc53d9804ce51d1ad25ec27db6"
  name = "github.com/opencontainers/image-spec"
  packages = [
    "specs-go",
    "specs-go/v1",
  ]
  pruneopts = "NUT"
  revision = "d60099175f88c47cd379c4738d158884749ed235"
  version = "v1.0.1"

[[projects]]
  digest = "1:918dbd46ad099418ce9760291bb156ebf23d441aad4cb682dd9bf09e2d3c0c7b"
  name = "github.com/opencontainers/runc"
  packages = ["libcontainer/user"]
  pruneopts = "NUT"
  revision = "baf6536d6259209c3edfa2b22237af82942d3dfa"
  version = "v0.1.1"

[[projects]]
  digest = "1:7a58202c5cdf3d2c1eb0621fe369315561cea7f036ad10f0f0479ac36bcc95eb"
  name = "github.com/opencontainers/runtime-spec"
  packages = ["specs-go"]
  pruneopts = "NUT"
  revision = "29686dbc5559d93fb1ef402eeda3e35c38d75af4"

[[projects]]
  branch = "master"
  digest = "1:46d8967b212252a8c413bdef8eee5eb8091e1b6a04053ae03f3ed94b872c3fc0"
  name = "github.com/openshift/api"
  packages = [
    "config/v1",
    "operator/v1",
    "operator/v1alpha1",
  ]
  pruneopts = "NUT"
  revision = "8033e226059b9ef589a39782e067aab940519cae"

[[projects]]
  branch = "master"
  digest = "1:3554ba7812832217755ff54a5e60c04745c68e699b508dd54822961913be56c0"
  name = "github.com/openshift/client-go"
  packages = [
    "config/clientset/versioned",
    "config/clientset/versioned/fake",
    "config/clientset/versioned/scheme",
    "config/clientset/versioned/typed/config/v1",
    "config/clientset/versioned/typed/config/v1/fake",
    "config/informers/externalversions",
    "config/informers/externalversions/config",
    "config/informers/externalversions/config/v1",
    "config/informers/externalversions/internalinterfaces",
    "config/listers/config/v1",
    "operator/clientset/versioned",
    "operator/clientset/versioned/fake",
    "operator/clientset/versioned/scheme",
    "operator/clientset/versioned/typed/operator/v1",
    "operator/clientset/versioned/typed/operator/v1/fake",
    "operator/clientset/versioned/typed/operator/v1alpha1",
    "operator/clientset/versioned/typed/operator/v1alpha1/fake",
    "operator/informers/externalversions",
    "operator/informers/externalversions/internalinterfaces",
    "operator/informers/externalversions/operator",
    "operator/informers/externalversions/operator/v1",
    "operator/informers/externalversions/operator/v1alpha1",
    "operator/listers/operator/v1",
    "operator/listers/operator/v1alpha1",
  ]
  pruneopts = "NUT"
  revision = "3b0e988f8cb09a07f375dfc304b86c1a81cbc82b"

[[projects]]
  branch = "openshift-4.2-cluster-api-0.1.0"
  digest = "1:9a7d52b9df3f2c44692d76a3408b186f9e343a283dbb72c83a9dfb0f5ea786db"
  name = "github.com/openshift/cluster-api"
  packages = ["pkg/drain"]
  pruneopts = "NUT"
  revision = "655e2d6ccdd5774442da004081f933cd8f1f3273"

[[projects]]
  branch = "master"
  digest = "1:7595f93ec718b635fc637139b75413aaee09e9a9363c193300397db7bacb2b3b"
  name = "github.com/openshift/library-go"
  packages = [
    "pkg/config/clusteroperator/v1helpers",
    "pkg/operator/v1helpers",
  ]
  pruneopts = "NUT"
  revision = "c355e2019bb35b1ae2b060208fdad8b488c28838"

[[projects]]
  digest = "1:93b1d84c5fa6d1ea52f4114c37714cddd84d5b78f151b62bb101128dd51399bf"
  name = "github.com/pborman/uuid"
  packages = ["."]
  pruneopts = "NUT"
  revision = "adf5a7427709b9deb95d29d3fa8a2bf9cfd388f1"
  version = "v1.2"

[[projects]]
  digest = "1:14715f705ff5dfe0ffd6571d7d201dd8e921030f8070321a79380d8ca4ec1a24"
  name = "github.com/pkg/errors"
  packages = ["."]
  pruneopts = "NUT"
  revision = "ba968bfe8b2f7e042a574c888954fccecfa385b4"
  version = "v0.8.1"

[[projects]]
  digest = "1:0028cb19b2e4c3112225cd871870f2d9cf49b9b4276531f03438a88e94be86fe"
  name = "github.com/pmezard/go-difflib"
  packages = ["difflib"]
  pruneopts = "NUT"
  revision = "792786c7400a136282c1664665ae0a8db921c6c2"
  version = "v1.0.0"

[[projects]]
  digest = "1:f4aaa07a6c33f2b354726d0571acbc8ca118837c75709f6353203ae1a3f8eeab"
  name = "github.com/sirupsen/logrus"
  packages = ["."]
  pruneopts = "NUT"
  revision = "839c75faf7f98a33d445d181f3018b5c3409a45e"
  version = "v1.4.2"

[[projects]]
  digest = "1:d3533ee568fc00a971617ec09dc0f0b3eddfb4adbc1275f8f6332553d67506b4"
  name = "github.com/spf13/cobra"
  packages = ["."]
  pruneopts = "NUT"
  revision = "f2b07da1e2c38d5f12845a4f607e2e1018cbb1f5"
  version = "v0.0.5"

[[projects]]
  digest = "1:d115708a27806831d1babbc6f28a7478ddf8e32a7095507c816e2515fb03a810"
  name = "github.com/spf13/pflag"
  packages = ["."]
  pruneopts = "NUT"
  revision = "2e9d26c8c37aae03e3f9d4e90b7116f5accb7cab"
  version = "v1.0.5"

[[projects]]
  digest = "1:7096df4a9258067bb9ff5da62864a645d38dd94cd3f273ff4ab54d0de548a348"
  name = "github.com/stretchr/testify"
  packages = [
    "assert",
    "require",
  ]
  pruneopts = "NUT"
  revision = "221dbe5ed46703ee255b1da0dec05086f5035f62"
  version = "v1.4.0"

[[projects]]
  digest = "1:c9b456727ce4101594aabddaa816c80464cd21a1e5fcd145297a902303be0085"
  name = "github.com/vincent-petithory/dataurl"
  packages = ["."]
  pruneopts = "NUT"
  revision = "9a301d65acbb728fcc3ace14f45f511a4cfeea9c"

[[projects]]
  branch = "master"
  digest = "1:91ed6116b126ec7fa7b9f9460356ee6b3005e5ed320b8e85510937f44d3d62d5"
  name = "go4.org"
  packages = ["errorutil"]
  pruneopts = "NUT"
  revision = "0cfe6e5be80f94eeff9e37bb521393075f11c58c"

[[projects]]
  branch = "master"
  digest = "1:0a6b1f967fe07b156d7a28017d552de51b6a24921a4b4aa64531d45294636895"
  name = "golang.org/x/crypto"
  packages = [
    "cast5",
    "openpgp",
    "openpgp/armor",
    "openpgp/elgamal",
    "openpgp/errors",
    "openpgp/packet",
    "openpgp/s2k",
    "pbkdf2",
    "scrypt",
    "ssh/terminal",
  ]
  pruneopts = "NUT"
  revision = "4663e185863a1aee50d0486b326769f0bd22eb30"

[[projects]]
  branch = "master"
  digest = "1:c8819defd831f3c8c926410156117bd9e81fadccf0efbb4063ef53c2165b736c"
  name = "golang.org/x/net"
  packages = [
    "context",
    "context/ctxhttp",
    "http/httpguts",
    "http2",
    "http2/hpack",
    "idna",
    "internal/timeseries",
    "trace",
  ]
  pruneopts = "NUT"
  revision = "c5a3c61f89f3ed696ec36b629ef1b97541165225"

[[projects]]
  branch = "master"
  digest = "1:f3a2e6d7423b8c19cdb2203cda9672900cc43012ea69f30ff6874dd453f44aec"
  name = "golang.org/x/oauth2"
  packages = [
    ".",
    "internal",
  ]
  pruneopts = "NUT"
  revision = "0f29369cfe4552d0e4bcddc57cc75f4d7e672a33"

[[projects]]
  branch = "master"
  digest = "1:a498d384a124ba36507aa171fdeaab024cf052228b7862d600401d46c83a3b7e"
  name = "golang.org/x/sys"
  packages = [
    "unix",
    "windows",
  ]
  pruneopts = "NUT"
  revision = "bb3f8db39f24d596342144141f45701e604f5aed"

[[projects]]
  digest = "1:8d8faad6b12a3a4c819a3f9618cb6ee1fa1cfc33253abeeea8b55336721e3405"
  name = "golang.org/x/text"
  packages = [
    "collate",
    "collate/build",
    "internal/colltab",
    "internal/gen",
    "internal/language",
    "internal/language/compact",
    "internal/tag",
    "internal/triegen",
    "internal/ucd",
    "language",
    "secure/bidirule",
    "transform",
    "unicode/bidi",
    "unicode/cldr",
    "unicode/norm",
    "unicode/rangetable",
  ]
  pruneopts = "NUT"
  revision = "342b2e1fbaa52c93f31447ad2c6abc048c63e475"
  version = "v0.3.2"

[[projects]]
  branch = "master"
  digest = "1:cdd088b35bbf78713a6861a44a1bbe97e581861b6b8835c7f2211bbeca3671f6"
  name = "golang.org/x/time"
  packages = ["rate"]
  pruneopts = "NUT"
  revision = "c4c64cad1fd0a1a8dab2523e04e61d35308e131e"

[[projects]]
  branch = "master"
  digest = "1:18c7b936326b4919be6de0a20be857fdd3112036cdb3febfa9a5b332a4f54e27"
  name = "golang.org/x/tools"
  packages = [
    "go/ast/astutil",
    "go/gcexportdata",
    "go/internal/gcimporter",
    "go/internal/packagesdriver",
    "go/packages",
    "go/types/typeutil",
    "imports",
    "internal/fastwalk",
    "internal/gopathwalk",
    "internal/imports",
    "internal/module",
    "internal/semver",
  ]
  pruneopts = "NUT"
  revision = "57610eddc97412e0df6bdb373051fed02932f22a"

[[projects]]
  digest = "1:c8131c929081f0fa26901a27eec93162a44afb3fc89a38573520dd4e3f1b1621"
  name = "google.golang.org/appengine"
  packages = [
    "internal",
    "internal/base",
    "internal/datastore",
    "internal/log",
    "internal/remote_api",
    "internal/urlfetch",
    "urlfetch",
  ]
  pruneopts = "NUT"
  revision = "bddb1f54ecfd64b1350fd2dd897fa11d426632bc"
  version = "v1.6.4"

[[projects]]
  branch = "master"
  digest = "1:583a0c80f5e3a9343d33aea4aead1e1afcc0043db66fdf961ddd1fe8cd3a4faf"
  name = "google.golang.org/genproto"
  packages = ["googleapis/rpc/status"]
  pruneopts = "NUT"
  revision = "20e1ac93f88cf06d2b1defb90b9e9e126c7dfff6"

[[projects]]
  digest = "1:3402d0f99f4bdc28b92dfbf22cbab88e1790b83209e812157c68803d4fc089d0"
  name = "google.golang.org/grpc"
  packages = [
    ".",
    "balancer",
    "balancer/base",
    "balancer/roundrobin",
    "binarylog/grpc_binarylog_v1",
    "codes",
    "connectivity",
    "credentials",
    "credentials/internal",
    "encoding",
    "encoding/proto",
    "grpclog",
    "internal",
    "internal/backoff",
    "internal/balancerload",
    "internal/binarylog",
    "internal/channelz",
    "internal/envconfig",
    "internal/grpcrand",
    "internal/grpcsync",
    "internal/syscall",
    "internal/transport",
    "keepalive",
    "metadata",
    "naming",
    "peer",
    "resolver",
    "resolver/dns",
    "resolver/passthrough",
    "serviceconfig",
    "stats",
    "status",
    "tap",
  ]
  pruneopts = "NUT"
  revision = "f6d0f9ee430895e87ef1ceb5ac8f39725bafceef"
  version = "v1.24.0"

[[projects]]
  digest = "1:2d1fbdc6777e5408cabeb02bf336305e724b925ff4546ded0fa8715a7267922a"
  name = "gopkg.in/inf.v0"
  packages = ["."]
  pruneopts = "NUT"
  revision = "d2d2541c53f18d2a059457998ce2876cc8e67cbf"
  version = "v0.9.1"

[[projects]]
  digest = "1:c0ce856ee6874fc944d5ee7ceb6c374321e027287c73a33b4c5fad666aedb3ea"
  name = "gopkg.in/yaml.v2"
  packages = ["."]
  pruneopts = "NUT"
  revision = "bb4e33bf68bf89cad44d386192cbed201f35b241"
  version = "v2.2.3"

[[projects]]
  branch = "origin-4.2-kubernetes-1.14.0"
  digest = "1:048b74361c52cd5c3b97d3b3ca550e0dd77f622512cdce667462fe8ce3cdec89"
  name = "k8s.io/api"
  packages = [
    "admissionregistration/v1beta1",
    "apps/v1",
    "apps/v1beta1",
    "apps/v1beta2",
    "auditregistration/v1alpha1",
    "authentication/v1",
    "authentication/v1beta1",
    "authorization/v1",
    "authorization/v1beta1",
    "autoscaling/v1",
    "autoscaling/v2beta1",
    "autoscaling/v2beta2",
    "batch/v1",
    "batch/v1beta1",
    "batch/v2alpha1",
    "certificates/v1beta1",
    "coordination/v1",
    "coordination/v1beta1",
    "core/v1",
    "events/v1beta1",
    "extensions/v1beta1",
    "networking/v1",
    "networking/v1beta1",
    "node/v1alpha1",
    "node/v1beta1",
    "policy/v1beta1",
    "rbac/v1",
    "rbac/v1alpha1",
    "rbac/v1beta1",
    "scheduling/v1",
    "scheduling/v1alpha1",
    "scheduling/v1beta1",
    "settings/v1alpha1",
    "storage/v1",
    "storage/v1alpha1",
    "storage/v1beta1",
  ]
  pruneopts = "NUT"
  revision = "ffaba947a5e96ed8955a635a8bf105089e311cbc"
  source = "https://github.com/openshift/kubernetes-api"

[[projects]]
  branch = "origin-4.2-kubernetes-1.14.0"
  digest = "1:d639bf3302aa4b935f2370b900b62ded7be7f3b5b1087a5f88ab06ac4172d5df"
  name = "k8s.io/apiextensions-apiserver"
  packages = [
    "pkg/apis/apiextensions",
    "pkg/apis/apiextensions/v1beta1",
    "pkg/client/clientset/clientset",
    "pkg/client/clientset/clientset/scheme",
    "pkg/client/clientset/clientset/typed/apiextensions/v1beta1",
    "pkg/client/informers/externalversions",
    "pkg/client/informers/externalversions/apiextensions",
    "pkg/client/informers/externalversions/apiextensions/v1beta1",
    "pkg/client/informers/externalversions/internalinterfaces",
    "pkg/client/listers/apiextensions/v1beta1",
    "pkg/features",
  ]
  pruneopts = "NUT"
  revision = "23dbba3a35ae81c159b1efee01ec3ca82e028938"
  source = "https://github.com/openshift/kubernetes-apiextensions-apiserver"

[[projects]]
  branch = "origin-4.2-kubernetes-1.14.0"
  digest = "1:0dc1c9bd0b9dc86e041740f520b6343caf0bb94b78eeeca1eb0ad52c58d601c1"
  name = "k8s.io/apimachinery"
  packages = [
    "pkg/api/equality",
    "pkg/api/errors",
    "pkg/api/meta",
    "pkg/api/resource",
    "pkg/apis/meta/internalversion",
    "pkg/apis/meta/v1",
    "pkg/apis/meta/v1/unstructured",
    "pkg/apis/meta/v1beta1",
    "pkg/conversion",
    "pkg/conversion/queryparams",
    "pkg/fields",
    "pkg/labels",
    "pkg/runtime",
    "pkg/runtime/schema",
    "pkg/runtime/serializer",
    "pkg/runtime/serializer/json",
    "pkg/runtime/serializer/protobuf",
    "pkg/runtime/serializer/recognizer",
    "pkg/runtime/serializer/streaming",
    "pkg/runtime/serializer/versioning",
    "pkg/selection",
    "pkg/types",
    "pkg/util/cache",
    "pkg/util/clock",
    "pkg/util/diff",
    "pkg/util/errors",
    "pkg/util/framer",
    "pkg/util/intstr",
    "pkg/util/json",
    "pkg/util/jsonmergepatch",
    "pkg/util/mergepatch",
    "pkg/util/naming",
    "pkg/util/net",
    "pkg/util/rand",
    "pkg/util/runtime",
    "pkg/util/sets",
    "pkg/util/strategicpatch",
    "pkg/util/uuid",
    "pkg/util/validation",
    "pkg/util/validation/field",
    "pkg/util/wait",
    "pkg/util/yaml",
    "pkg/version",
    "pkg/watch",
    "third_party/forked/golang/json",
    "third_party/forked/golang/reflect",
  ]
  pruneopts = "NUT"
  revision = "d19092a3cc0aed3b90dfa6bbbeb9f24fe11ddd2d"
  source = "https://github.com/openshift/kubernetes-apimachinery"

[[projects]]
  branch = "origin-4.2-kubernetes-1.14.0"
  digest = "1:fe60b6d8b8208ecb0e70e97963fef38ce27443c6934ec00a37f80a3f9372f42b"
  name = "k8s.io/apiserver"
  packages = [
    "pkg/features",
    "pkg/util/feature",
  ]
  pruneopts = "NUT"
  revision = "e9b53478e6adf5ddb5cb3e1750c33127f913a839"
  source = "https://github.com/openshift/kubernetes-apiserver"

[[projects]]
  branch = "origin-4.2-kubernetes-1.14.0"
  digest = "1:ad463c4a8237123f1a307a50ce81f7a8b5f3fb24788204fb1533fbc7c680f292"
  name = "k8s.io/client-go"
  packages = [
    "discovery",
    "discovery/fake",
    "informers",
    "informers/admissionregistration",
    "informers/admissionregistration/v1beta1",
    "informers/apps",
    "informers/apps/v1",
    "informers/apps/v1beta1",
    "informers/apps/v1beta2",
    "informers/auditregistration",
    "informers/auditregistration/v1alpha1",
    "informers/autoscaling",
    "informers/autoscaling/v1",
    "informers/autoscaling/v2beta1",
    "informers/autoscaling/v2beta2",
    "informers/batch",
    "informers/batch/v1",
    "informers/batch/v1beta1",
    "informers/batch/v2alpha1",
    "informers/certificates",
    "informers/certificates/v1beta1",
    "informers/coordination",
    "informers/coordination/v1",
    "informers/coordination/v1beta1",
    "informers/core",
    "informers/core/v1",
    "informers/events",
    "informers/events/v1beta1",
    "informers/extensions",
    "informers/extensions/v1beta1",
    "informers/internalinterfaces",
    "informers/networking",
    "informers/networking/v1",
    "informers/networking/v1beta1",
    "informers/node",
    "informers/node/v1alpha1",
    "informers/node/v1beta1",
    "informers/policy",
    "informers/policy/v1beta1",
    "informers/rbac",
    "informers/rbac/v1",
    "informers/rbac/v1alpha1",
    "informers/rbac/v1beta1",
    "informers/scheduling",
    "informers/scheduling/v1",
    "informers/scheduling/v1alpha1",
    "informers/scheduling/v1beta1",
    "informers/settings",
    "informers/settings/v1alpha1",
    "informers/storage",
    "informers/storage/v1",
    "informers/storage/v1alpha1",
    "informers/storage/v1beta1",
    "kubernetes",
    "kubernetes/fake",
    "kubernetes/scheme",
    "kubernetes/typed/admissionregistration/v1beta1",
    "kubernetes/typed/admissionregistration/v1beta1/fake",
    "kubernetes/typed/apps/v1",
    "kubernetes/typed/apps/v1/fake",
    "kubernetes/typed/apps/v1beta1",
    "kubernetes/typed/apps/v1beta1/fake",
    "kubernetes/typed/apps/v1beta2",
    "kubernetes/typed/apps/v1beta2/fake",
    "kubernetes/typed/auditregistration/v1alpha1",
    "kubernetes/typed/auditregistration/v1alpha1/fake",
    "kubernetes/typed/authentication/v1",
    "kubernetes/typed/authentication/v1/fake",
    "kubernetes/typed/authentication/v1beta1",
    "kubernetes/typed/authentication/v1beta1/fake",
    "kubernetes/typed/authorization/v1",
    "kubernetes/typed/authorization/v1/fake",
    "kubernetes/typed/authorization/v1beta1",
    "kubernetes/typed/authorization/v1beta1/fake",
    "kubernetes/typed/autoscaling/v1",
    "kubernetes/typed/autoscaling/v1/fake",
    "kubernetes/typed/autoscaling/v2beta1",
    "kubernetes/typed/autoscaling/v2beta1/fake",
    "kubernetes/typed/autoscaling/v2beta2",
    "kubernetes/typed/autoscaling/v2beta2/fake",
    "kubernetes/typed/batch/v1",
    "kubernetes/typed/batch/v1/fake",
    "kubernetes/typed/batch/v1beta1",
    "kubernetes/typed/batch/v1beta1/fake",
    "kubernetes/typed/batch/v2alpha1",
    "kubernetes/typed/batch/v2alpha1/fake",
    "kubernetes/typed/certificates/v1beta1",
    "kubernetes/typed/certificates/v1beta1/fake",
    "kubernetes/typed/coordination/v1",
    "kubernetes/typed/coordination/v1/fake",
    "kubernetes/typed/coordination/v1beta1",
    "kubernetes/typed/coordination/v1beta1/fake",
    "kubernetes/typed/core/v1",
    "kubernetes/typed/core/v1/fake",
    "kubernetes/typed/events/v1beta1",
    "kubernetes/typed/events/v1beta1/fake",
    "kubernetes/typed/extensions/v1beta1",
    "kubernetes/typed/extensions/v1beta1/fake",
    "kubernetes/typed/networking/v1",
    "kubernetes/typed/networking/v1/fake",
    "kubernetes/typed/networking/v1beta1",
    "kubernetes/typed/networking/v1beta1/fake",
    "kubernetes/typed/node/v1alpha1",
    "kubernetes/typed/node/v1alpha1/fake",
    "kubernetes/typed/node/v1beta1",
    "kubernetes/typed/node/v1beta1/fake",
    "kubernetes/typed/policy/v1beta1",
    "kubernetes/typed/policy/v1beta1/fake",
    "kubernetes/typed/rbac/v1",
    "kubernetes/typed/rbac/v1/fake",
    "kubernetes/typed/rbac/v1alpha1",
    "kubernetes/typed/rbac/v1alpha1/fake",
    "kubernetes/typed/rbac/v1beta1",
    "kubernetes/typed/rbac/v1beta1/fake",
    "kubernetes/typed/scheduling/v1",
    "kubernetes/typed/scheduling/v1/fake",
    "kubernetes/typed/scheduling/v1alpha1",
    "kubernetes/typed/scheduling/v1alpha1/fake",
    "kubernetes/typed/scheduling/v1beta1",
    "kubernetes/typed/scheduling/v1beta1/fake",
    "kubernetes/typed/settings/v1alpha1",
    "kubernetes/typed/settings/v1alpha1/fake",
    "kubernetes/typed/storage/v1",
    "kubernetes/typed/storage/v1/fake",
    "kubernetes/typed/storage/v1alpha1",
    "kubernetes/typed/storage/v1alpha1/fake",
    "kubernetes/typed/storage/v1beta1",
    "kubernetes/typed/storage/v1beta1/fake",
    "listers/admissionregistration/v1beta1",
    "listers/apps/v1",
    "listers/apps/v1beta1",
    "listers/apps/v1beta2",
    "listers/auditregistration/v1alpha1",
    "listers/autoscaling/v1",
    "listers/autoscaling/v2beta1",
    "listers/autoscaling/v2beta2",
    "listers/batch/v1",
    "listers/batch/v1beta1",
    "listers/batch/v2alpha1",
    "listers/certificates/v1beta1",
    "listers/coordination/v1",
    "listers/coordination/v1beta1",
    "listers/core/v1",
    "listers/events/v1beta1",
    "listers/extensions/v1beta1",
    "listers/networking/v1",
    "listers/networking/v1beta1",
    "listers/node/v1alpha1",
    "listers/node/v1beta1",
    "listers/policy/v1beta1",
    "listers/rbac/v1",
    "listers/rbac/v1alpha1",
    "listers/rbac/v1beta1",
    "listers/scheduling/v1",
    "listers/scheduling/v1alpha1",
    "listers/scheduling/v1beta1",
    "listers/settings/v1alpha1",
    "listers/storage/v1",
    "listers/storage/v1alpha1",
    "listers/storage/v1beta1",
    "pkg/apis/clientauthentication",
    "pkg/apis/clientauthentication/v1alpha1",
    "pkg/apis/clientauthentication/v1beta1",
    "pkg/version",
    "plugin/pkg/client/auth/exec",
    "rest",
    "rest/watch",
    "testing",
    "tools/auth",
    "tools/cache",
    "tools/clientcmd",
    "tools/clientcmd/api",
    "tools/clientcmd/api/latest",
    "tools/clientcmd/api/v1",
    "tools/leaderelection",
    "tools/leaderelection/resourcelock",
    "tools/metrics",
    "tools/pager",
    "tools/record",
    "tools/record/util",
    "tools/reference",
    "transport",
    "util/cert",
    "util/connrotation",
    "util/flowcontrol",
    "util/homedir",
    "util/keyutil",
    "util/retry",
    "util/workqueue",
  ]
  pruneopts = "NUT"
  revision = "70952d66b5d131aa0142ceaebfe6d6da51178878"
  source = "https://github.com/openshift/kubernetes-client-go"

[[projects]]
  branch = "release-1.14"
  digest = "1:0b0a9bd556672d681837dab08c6b33d37c7f45f1916d9bbe8feca78e08383db3"
  name = "k8s.io/cloud-provider"
  packages = ["features"]
  pruneopts = "NUT"
  revision = "6f9c0c53386c649393212216db6e24dbc5c0e882"

[[projects]]
  branch = "origin-4.2-kubernetes-1.14.0"
  digest = "1:7c3ffb9947e4d037fe7679b20ceaf9194cda39595b9e0cb685b6ad722c290b6c"
  name = "k8s.io/code-generator"
  packages = [
    "cmd/client-gen",
    "cmd/client-gen/args",
    "cmd/client-gen/generators",
    "cmd/client-gen/generators/fake",
    "cmd/client-gen/generators/scheme",
    "cmd/client-gen/generators/util",
    "cmd/client-gen/path",
    "cmd/client-gen/types",
    "pkg/namer",
    "pkg/util",
  ]
  pruneopts = ""
  revision = "f40157d9638d05ebf65421a9bbad5a7f68878b65"
  source = "https://github.com/openshift/kubernetes-code-generator"

[[projects]]
  digest = "1:ef304112ae16a07050b858a8e82ccfe9d9e0abc20aef1e55b6543b4b6df54eee"
  name = "k8s.io/gengo"
  packages = [
    "args",
    "generator",
    "namer",
    "parser",
    "types",
  ]
  pruneopts = ""
  revision = "51747d6e00da1fc578d5a333a93bb2abcbce7a95"

[[projects]]
  digest = "1:c0693cb981f43d82a767a3217b7640a4bdb341731d3814b38602f4e5dc4f01b3"
  name = "k8s.io/klog"
  packages = ["."]
  pruneopts = "NUT"
  revision = "2ca9ad30301bf30a8a6e0fa2110db6b8df699a91"
  version = "v1.0.0"

[[projects]]
  branch = "master"
  digest = "1:42674e29bf0cf4662d49bd9528e24b9ecc4895b32d0be281f9cf04d3a7671846"
  name = "k8s.io/kube-openapi"
  packages = ["pkg/util/proto"]
  pruneopts = "NUT"
  revision = "0270cf2f1c1d995d34b36019a6f65d58e6e33ad4"

[[projects]]
  branch = "origin-4.3-kubernetes-1.16.0"
  digest = "1:b61aa831a5a94628a1f58582bd49b07c4d795a15ee1eeb1467da70bcf268575d"
  name = "k8s.io/kubelet"
  packages = ["config/v1beta1"]
  pruneopts = "NUT"
  revision = "250a1838aa2c492c9096ff86558515b8639d7e87"
  source = "https://github.com/openshift/kubernetes-kubelet"

[[projects]]
  branch = "origin-4.2-kubernetes-1.14.0"
  digest = "1:0a312b880176c9247946060f491d9c5276bb1915af897af1e36fda567b084e7c"
  name = "k8s.io/kubernetes"
  packages = [
    "pkg/apis/core",
    "pkg/apis/core/v1/helper/qos",
    "pkg/apis/scheduling",
    "pkg/features",
    "pkg/kubelet/apis/config",
    "pkg/kubelet/apis/config/scheme",
    "pkg/kubelet/apis/config/v1beta1",
    "pkg/kubelet/apis/cri/runtime/v1alpha2",
    "pkg/kubelet/qos",
    "pkg/kubelet/types",
    "pkg/master/ports",
  ]
  pruneopts = "NUT"
  revision = "c7e4edcfd9c61753bc62214abb138c3c2c3b131c"
  source = "https://github.com/openshift/kubernetes"

[[projects]]
  branch = "master"
  digest = "1:99dbf7ef753ca02399778c93a4ed4b689b28668317134ecd1fabeb07be70f354"
  name = "k8s.io/utils"
  packages = [
    "buffer",
    "integer",
    "pointer",
    "trace",
  ]
  pruneopts = "NUT"
  revision = "69764acb6e8e900b7c05296c5d3c9c19545475f9"

[[projects]]
  digest = "1:8730e0150dfb2b7e173890c8b9868e7a273082ef8e39f4940e3506a481cf895c"
  name = "sigs.k8s.io/yaml"
  packages = ["."]
  pruneopts = "NUT"
  revision = "fd68e9863619f6ec2fdd8625fe1f02e7c877e480"
  version = "v1.1.0"

[solve-meta]
  analyzer-name = "dep"
  analyzer-version = 1
  input-imports = [
    "github.com/BurntSushi/toml",
    "github.com/InVisionApp/go-health",
    "github.com/InVisionApp/go-health/checkers",
    "github.com/Masterminds/sprig",
    "github.com/apparentlymart/go-cidr/cidr",
    "github.com/ashcrow/osrelease",
    "github.com/containers/image/docker/reference",
    "github.com/containers/image/pkg/sysregistriesv2",
    "github.com/containers/image/signature",
    "github.com/containers/image/types",
    "github.com/containers/storage/pkg/config",
    "github.com/coreos/container-linux-config-transpiler/config",
    "github.com/coreos/container-linux-config-transpiler/config/types",
    "github.com/coreos/ignition/config/v2_2",
    "github.com/coreos/ignition/config/v2_2/types",
    "github.com/coreos/ignition/config/validate",
    "github.com/davecgh/go-spew/spew",
    "github.com/ghodss/yaml",
    "github.com/golang/glog",
    "github.com/google/renameio",
    "github.com/imdario/mergo",
    "github.com/joho/godotenv",
    "github.com/kubernetes-sigs/cri-o/pkg/config",
    "github.com/opencontainers/go-digest",
    "github.com/openshift/api/config/v1",
    "github.com/openshift/api/operator/v1alpha1",
    "github.com/openshift/client-go/config/clientset/versioned",
    "github.com/openshift/client-go/config/clientset/versioned/fake",
    "github.com/openshift/client-go/config/clientset/versioned/scheme",
    "github.com/openshift/client-go/config/clientset/versioned/typed/config/v1",
    "github.com/openshift/client-go/config/informers/externalversions",
    "github.com/openshift/client-go/config/informers/externalversions/config/v1",
    "github.com/openshift/client-go/config/listers/config/v1",
    "github.com/openshift/client-go/operator/clientset/versioned",
    "github.com/openshift/client-go/operator/clientset/versioned/fake",
    "github.com/openshift/client-go/operator/informers/externalversions",
    "github.com/openshift/client-go/operator/informers/externalversions/operator/v1alpha1",
    "github.com/openshift/client-go/operator/listers/operator/v1alpha1",
    "github.com/openshift/cluster-api/pkg/drain",
    "github.com/openshift/library-go/pkg/config/clusteroperator/v1helpers",
    "github.com/openshift/library-go/pkg/operator/v1helpers",
    "github.com/pkg/errors",
    "github.com/spf13/cobra",
    "github.com/spf13/pflag",
    "github.com/stretchr/testify/assert",
    "github.com/stretchr/testify/require",
    "github.com/vincent-petithory/dataurl",
    "golang.org/x/time/rate",
    "k8s.io/api/apps/v1",
    "k8s.io/api/core/v1",
    "k8s.io/api/policy/v1beta1",
    "k8s.io/api/rbac/v1",
    "k8s.io/apiextensions-apiserver/pkg/apis/apiextensions/v1beta1",
    "k8s.io/apiextensions-apiserver/pkg/client/clientset/clientset",
    "k8s.io/apiextensions-apiserver/pkg/client/clientset/clientset/typed/apiextensions/v1beta1",
    "k8s.io/apiextensions-apiserver/pkg/client/informers/externalversions",
    "k8s.io/apiextensions-apiserver/pkg/client/informers/externalversions/apiextensions/v1beta1",
    "k8s.io/apiextensions-apiserver/pkg/client/listers/apiextensions/v1beta1",
    "k8s.io/apimachinery/pkg/api/equality",
    "k8s.io/apimachinery/pkg/api/errors",
    "k8s.io/apimachinery/pkg/api/meta",
    "k8s.io/apimachinery/pkg/api/resource",
    "k8s.io/apimachinery/pkg/apis/meta/v1",
    "k8s.io/apimachinery/pkg/fields",
    "k8s.io/apimachinery/pkg/labels",
    "k8s.io/apimachinery/pkg/runtime",
    "k8s.io/apimachinery/pkg/runtime/schema",
    "k8s.io/apimachinery/pkg/runtime/serializer",
    "k8s.io/apimachinery/pkg/runtime/serializer/json",
    "k8s.io/apimachinery/pkg/types",
    "k8s.io/apimachinery/pkg/util/diff",
    "k8s.io/apimachinery/pkg/util/errors",
    "k8s.io/apimachinery/pkg/util/intstr",
    "k8s.io/apimachinery/pkg/util/jsonmergepatch",
    "k8s.io/apimachinery/pkg/util/rand",
    "k8s.io/apimachinery/pkg/util/runtime",
    "k8s.io/apimachinery/pkg/util/strategicpatch",
    "k8s.io/apimachinery/pkg/util/uuid",
    "k8s.io/apimachinery/pkg/util/wait",
    "k8s.io/apimachinery/pkg/util/yaml",
    "k8s.io/apimachinery/pkg/watch",
    "k8s.io/client-go/discovery",
    "k8s.io/client-go/discovery/fake",
    "k8s.io/client-go/informers",
    "k8s.io/client-go/informers/apps/v1",
    "k8s.io/client-go/informers/core/v1",
    "k8s.io/client-go/informers/rbac/v1",
    "k8s.io/client-go/kubernetes",
    "k8s.io/client-go/kubernetes/fake",
    "k8s.io/client-go/kubernetes/scheme",
    "k8s.io/client-go/kubernetes/typed/apps/v1",
    "k8s.io/client-go/kubernetes/typed/core/v1",
    "k8s.io/client-go/kubernetes/typed/rbac/v1",
    "k8s.io/client-go/listers/apps/v1",
    "k8s.io/client-go/listers/core/v1",
    "k8s.io/client-go/rest",
    "k8s.io/client-go/testing",
    "k8s.io/client-go/tools/cache",
    "k8s.io/client-go/tools/clientcmd",
    "k8s.io/client-go/tools/clientcmd/api/v1",
    "k8s.io/client-go/tools/leaderelection",
    "k8s.io/client-go/tools/leaderelection/resourcelock",
    "k8s.io/client-go/tools/record",
    "k8s.io/client-go/util/flowcontrol",
    "k8s.io/client-go/util/retry",
    "k8s.io/client-go/util/workqueue",
    "k8s.io/code-generator/cmd/client-gen",
    "k8s.io/gengo/types",
    "k8s.io/kubelet/config/v1beta1",
    "k8s.io/kubernetes/pkg/kubelet/apis/config/scheme",
  ]
  solver-name = "gps-cdcl"
  solver-version = 1
